
Microsoft Visual Studio Solution File, Format Version 12.00
# Visual Studio Version 17
VisualStudioVersion = 17.7.34221.43
MinimumVisualStudioVersion = 10.0.40219.1
Project("{9A19103F-16F7-4668-BE54-9A1E7A4F7556}") = "BulkyWeb", "BulkyWeb\BulkyWeb.csproj", "{457B634E-AC5E-4F6D-94D2-4CFDE48D73F4}"
EndProject
Project("{FAE04EC0-301F-11D3-BF4B-00C04F79EFBC}") = "Bulky.DataAccess", "Bulky.DataAccess\Bulky.DataAccess.csproj", "{120E7A42-47A3-4360-A67D-2F5F49C841C9}"
EndProject
Project("{FAE04EC0-301F-11D3-BF4B-00C04F79EFBC}") = "Bulky.Models", "Bulky.Models\Bulky.Models.csproj", "{66103EB7-9E06-455D-9A14-172D889A065A}"
EndProject
Project("{FAE04EC0-301F-11D3-BF4B-00C04F79EFBC}") = "Bulky.Utility", "Bulky.Utility\Bulky.Utility.csproj", "{DCCAF7C6-459A-4E63-88F4-63D5EE8E2B9B}"
EndProject
Global
	GlobalSection(SolutionConfigurationPlatforms) = preSolution
		Debug|Any CPU = Debug|Any CPU
		Release|Any CPU = Release|Any CPU
	EndGlobalSection
	GlobalSection(ProjectConfigurationPlatforms) = postSolution
		{457B634E-AC5E-4F6D-94D2-4CFDE48D73F4}.Debug|Any CPU.ActiveCfg = Debug|Any CPU
		{457B634E-AC5E-4F6D-94D2-4CFDE48D73F4}.Debug|Any CPU.Build.0 = Debug|Any CPU
		{457B634E-AC5E-4F6D-94D2-4CFDE48D73F4}.Release|Any CPU.ActiveCfg = Release|Any CPU
		{457B634E-AC5E-4F6D-94D2-4CFDE48D73F4}.Release|Any CPU.Build.0 = Release|Any CPU
		{120E7A42-47A3-4360-A67D-2F5F49C841C9}.Debug|Any CPU.ActiveCfg = Debug|Any CPU
		{120E7A42-47A3-4360-A67D-2F5F49C841C9}.Debug|Any CPU.Build.0 = Debug|Any CPU
		{120E7A42-47A3-4360-A67D-2F5F49C841C9}.Release|Any CPU.ActiveCfg = Release|Any CPU
		{120E7A42-47A3-4360-A67D-2F5F49C841C9}.Release|Any CPU.Build.0 = Release|Any CPU
		{66103EB7-9E06-455D-9A14-172D889A065A}.Debug|Any CPU.ActiveCfg = Debug|Any CPU
		{66103EB7-9E06-455D-9A14-172D889A065A}.Debug|Any CPU.Build.0 = Debug|Any CPU
		{66103EB7-9E06-455D-9A14-172D889A065A}.Release|Any CPU.ActiveCfg = Release|Any CPU
		{66103EB7-9E06-455D-9A14-172D889A065A}.Release|Any CPU.Build.0 = Release|Any CPU
		{DCCAF7C6-459A-4E63-88F4-63D5EE8E2B9B}.Debug|Any CPU.ActiveCfg = Debug|Any CPU
		{DCCAF7C6-459A-4E63-88F4-63D5EE8E2B9B}.Debug|Any CPU.Build.0 = Debug|Any CPU
		{DCCAF7C6-459A-4E63-88F4-63D5EE8E2B9B}.Release|Any CPU.ActiveCfg = Release|Any CPU
		{DCCAF7C6-459A-4E63-88F4-63D5EE8E2B9B}.Release|Any CPU.Build.0 = Release|Any CPU
	EndGlobalSection
	GlobalSection(SolutionProperties) = preSolution
		HideSolutionNode = FALSE
	EndGlobalSection
	GlobalSection(ExtensibilityGlobals) = postSolution
		SolutionGuid = {9C7A486B-F810-4176-9965-348FF5640D2A}
	EndGlobalSection
EndGlobal
